// !$*UTF8*$!
{
	archiveVersion = 1;
	classes = {
	};
	objectVersion = 46;
	objects = {

/* Begin PBXBuildFile section */
		4E5ED553B5AE88D92E36E11B /* Pods_OASIS.framework in Frameworks */ = {isa = PBXBuildFile; fileRef = 2784C17D06A229DCAC6A2A52 /* Pods_OASIS.framework */; };
		5A49728B1DC66918006479DA /* AppDelegate.swift in Sources */ = {isa = PBXBuildFile; fileRef = 5A49728A1DC66918006479DA /* AppDelegate.swift */; };
		5A4972921DC66918006479DA /* Assets.xcassets in Resources */ = {isa = PBXBuildFile; fileRef = 5A4972911DC66918006479DA /* Assets.xcassets */; };
		5A4972951DC66918006479DA /* LaunchScreen.storyboard in Resources */ = {isa = PBXBuildFile; fileRef = 5A4972931DC66918006479DA /* LaunchScreen.storyboard */; };
		5A4972AC1DC66FBF006479DA /* AppConfig.swift in Sources */ = {isa = PBXBuildFile; fileRef = 5A4972AB1DC66FBF006479DA /* AppConfig.swift */; };
		5A4972AE1DC66FCD006479DA /* AppColor.swift in Sources */ = {isa = PBXBuildFile; fileRef = 5A4972AD1DC66FCD006479DA /* AppColor.swift */; };
		5A4972B01DC66FE8006479DA /* AppError.swift in Sources */ = {isa = PBXBuildFile; fileRef = 5A4972AF1DC66FE8006479DA /* AppError.swift */; };
		5A4972B41DC670CC006479DA /* Localizable.strings in Resources */ = {isa = PBXBuildFile; fileRef = 5A4972B31DC670CC006479DA /* Localizable.strings */; };
		5AF25CD11DC9AF6000CA07F8 /* RegistrationEntranceViewController.swift in Sources */ = {isa = PBXBuildFile; fileRef = 5AF25CD01DC9AF6000CA07F8 /* RegistrationEntranceViewController.swift */; };
		5AF25CD61DC9B09300CA07F8 /* RegistrationUserViewController.swift in Sources */ = {isa = PBXBuildFile; fileRef = 5AF25CD51DC9B09300CA07F8 /* RegistrationUserViewController.swift */; };
		5AF25CD81DC9B0A400CA07F8 /* RegistrationTimeTableViewController.swift in Sources */ = {isa = PBXBuildFile; fileRef = 5AF25CD71DC9B0A400CA07F8 /* RegistrationTimeTableViewController.swift */; };
		5AF25CDC1DC9B0D000CA07F8 /* ChatEntranceViewController.swift in Sources */ = {isa = PBXBuildFile; fileRef = 5AF25CDB1DC9B0D000CA07F8 /* ChatEntranceViewController.swift */; };
		5AF25CDE1DC9B0D800CA07F8 /* ChatRoomViewController.swift in Sources */ = {isa = PBXBuildFile; fileRef = 5AF25CDD1DC9B0D800CA07F8 /* ChatRoomViewController.swift */; };
		5AF25CE21DC9B17000CA07F8 /* MatchingEntranceViewController.swift in Sources */ = {isa = PBXBuildFile; fileRef = 5AF25CE11DC9B17000CA07F8 /* MatchingEntranceViewController.swift */; };
		5AF25CE81DC9B2E400CA07F8 /* MyPageEntranceViewController.swift in Sources */ = {isa = PBXBuildFile; fileRef = 5AF25CE71DC9B2E400CA07F8 /* MyPageEntranceViewController.swift */; };
		5AF25CEA1DC9B2ED00CA07F8 /* MyPageEditViewController.swift in Sources */ = {isa = PBXBuildFile; fileRef = 5AF25CE91DC9B2ED00CA07F8 /* MyPageEditViewController.swift */; };
		5AF25CEC1DC9B3D500CA07F8 /* RegistrationEntrance.storyboard in Resources */ = {isa = PBXBuildFile; fileRef = 5AF25CEB1DC9B3D500CA07F8 /* RegistrationEntrance.storyboard */; };
		5AF25CEE1DC9B3E000CA07F8 /* RegistrationUser.storyboard in Resources */ = {isa = PBXBuildFile; fileRef = 5AF25CED1DC9B3E000CA07F8 /* RegistrationUser.storyboard */; };
		5AF25CF01DC9B3E800CA07F8 /* RegistrationTimeTable.storyboard in Resources */ = {isa = PBXBuildFile; fileRef = 5AF25CEF1DC9B3E800CA07F8 /* RegistrationTimeTable.storyboard */; };
		5AF25CF21DC9B3F200CA07F8 /* ChatEntrance.storyboard in Resources */ = {isa = PBXBuildFile; fileRef = 5AF25CF11DC9B3F200CA07F8 /* ChatEntrance.storyboard */; };
		5AF25CF41DC9B3F900CA07F8 /* ChatRoom.storyboard in Resources */ = {isa = PBXBuildFile; fileRef = 5AF25CF31DC9B3F900CA07F8 /* ChatRoom.storyboard */; };
		5AF25CF81DC9B41900CA07F8 /* MatchingEntrance.storyboard in Resources */ = {isa = PBXBuildFile; fileRef = 5AF25CF71DC9B41900CA07F8 /* MatchingEntrance.storyboard */; };
		5AF25CFA1DC9B42100CA07F8 /* MyPageEntrance.storyboard in Resources */ = {isa = PBXBuildFile; fileRef = 5AF25CF91DC9B42100CA07F8 /* MyPageEntrance.storyboard */; };
		5AF25CFC1DC9B42A00CA07F8 /* MyPageEdit.storyboard in Resources */ = {isa = PBXBuildFile; fileRef = 5AF25CFB1DC9B42A00CA07F8 /* MyPageEdit.storyboard */; };
		5AF25CFE1DC9B78600CA07F8 /* Storyboardable.swift in Sources */ = {isa = PBXBuildFile; fileRef = 5AF25CFD1DC9B78600CA07F8 /* Storyboardable.swift */; };
		5AF25D001DC9B7E800CA07F8 /* NSObject+.swift in Sources */ = {isa = PBXBuildFile; fileRef = 5AF25CFF1DC9B7E800CA07F8 /* NSObject+.swift */; };
		5AF25D0E1DC9BC3B00CA07F8 /* Main.storyboard in Resources */ = {isa = PBXBuildFile; fileRef = 5AF25D0D1DC9BC3B00CA07F8 /* Main.storyboard */; };
		5AF25D121DC9D0C800CA07F8 /* MatchingRecommendation.storyboard in Resources */ = {isa = PBXBuildFile; fileRef = 5AF25D111DC9D0C800CA07F8 /* MatchingRecommendation.storyboard */; };
		5AF25D141DC9D0D200CA07F8 /* MatchingResult.storyboard in Resources */ = {isa = PBXBuildFile; fileRef = 5AF25D131DC9D0D200CA07F8 /* MatchingResult.storyboard */; };
		5AF25D161DC9D15700CA07F8 /* MatchingRecommendationViewController.swift in Sources */ = {isa = PBXBuildFile; fileRef = 5AF25D151DC9D15700CA07F8 /* MatchingRecommendationViewController.swift */; };
		5AF25D181DC9D16500CA07F8 /* MatchingResultViewController.swift in Sources */ = {isa = PBXBuildFile; fileRef = 5AF25D171DC9D16500CA07F8 /* MatchingResultViewController.swift */; };
		5AF25D1E1DC9EDE400CA07F8 /* GoogleService-Info.plist in Resources */ = {isa = PBXBuildFile; fileRef = 5AF25D1D1DC9EDE400CA07F8 /* GoogleService-Info.plist */; };
/* End PBXBuildFile section */

/* Begin PBXFileReference section */
		13FBAB8F7FBB424EB346BF5B /* Pods-OASIS.release.xcconfig */ = {isa = PBXFileReference; includeInIndex = 1; lastKnownFileType = text.xcconfig; name = "Pods-OASIS.release.xcconfig"; path = "Pods/Target Support Files/Pods-OASIS/Pods-OASIS.release.xcconfig"; sourceTree = "<group>"; };
		2784C17D06A229DCAC6A2A52 /* Pods_OASIS.framework */ = {isa = PBXFileReference; explicitFileType = wrapper.framework; includeInIndex = 0; path = Pods_OASIS.framework; sourceTree = BUILT_PRODUCTS_DIR; };
		5A4972871DC66918006479DA /* OASIS.app */ = {isa = PBXFileReference; explicitFileType = wrapper.application; includeInIndex = 0; path = OASIS.app; sourceTree = BUILT_PRODUCTS_DIR; };
		5A49728A1DC66918006479DA /* AppDelegate.swift */ = {isa = PBXFileReference; lastKnownFileType = sourcecode.swift; path = AppDelegate.swift; sourceTree = "<group>"; };
		5A4972911DC66918006479DA /* Assets.xcassets */ = {isa = PBXFileReference; lastKnownFileType = folder.assetcatalog; path = Assets.xcassets; sourceTree = "<group>"; };
		5A4972941DC66918006479DA /* Base */ = {isa = PBXFileReference; lastKnownFileType = file.storyboard; name = Base; path = Base.lproj/LaunchScreen.storyboard; sourceTree = "<group>"; };
		5A4972961DC66918006479DA /* Info.plist */ = {isa = PBXFileReference; lastKnownFileType = text.plist.xml; path = Info.plist; sourceTree = "<group>"; };
		5A4972AB1DC66FBF006479DA /* AppConfig.swift */ = {isa = PBXFileReference; fileEncoding = 4; lastKnownFileType = sourcecode.swift; path = AppConfig.swift; sourceTree = "<group>"; };
		5A4972AD1DC66FCD006479DA /* AppColor.swift */ = {isa = PBXFileReference; fileEncoding = 4; lastKnownFileType = sourcecode.swift; path = AppColor.swift; sourceTree = "<group>"; };
		5A4972AF1DC66FE8006479DA /* AppError.swift */ = {isa = PBXFileReference; fileEncoding = 4; lastKnownFileType = sourcecode.swift; path = AppError.swift; sourceTree = "<group>"; };
		5A4972B31DC670CC006479DA /* Localizable.strings */ = {isa = PBXFileReference; fileEncoding = 4; lastKnownFileType = text.plist.strings; path = Localizable.strings; sourceTree = "<group>"; };
		5AF25CD01DC9AF6000CA07F8 /* RegistrationEntranceViewController.swift */ = {isa = PBXFileReference; fileEncoding = 4; lastKnownFileType = sourcecode.swift; path = RegistrationEntranceViewController.swift; sourceTree = "<group>"; };
		5AF25CD51DC9B09300CA07F8 /* RegistrationUserViewController.swift */ = {isa = PBXFileReference; fileEncoding = 4; lastKnownFileType = sourcecode.swift; path = RegistrationUserViewController.swift; sourceTree = "<group>"; };
		5AF25CD71DC9B0A400CA07F8 /* RegistrationTimeTableViewController.swift */ = {isa = PBXFileReference; fileEncoding = 4; lastKnownFileType = sourcecode.swift; path = RegistrationTimeTableViewController.swift; sourceTree = "<group>"; };
		5AF25CDB1DC9B0D000CA07F8 /* ChatEntranceViewController.swift */ = {isa = PBXFileReference; fileEncoding = 4; lastKnownFileType = sourcecode.swift; path = ChatEntranceViewController.swift; sourceTree = "<group>"; };
		5AF25CDD1DC9B0D800CA07F8 /* ChatRoomViewController.swift */ = {isa = PBXFileReference; fileEncoding = 4; lastKnownFileType = sourcecode.swift; path = ChatRoomViewController.swift; sourceTree = "<group>"; };
		5AF25CE11DC9B17000CA07F8 /* MatchingEntranceViewController.swift */ = {isa = PBXFileReference; fileEncoding = 4; lastKnownFileType = sourcecode.swift; path = MatchingEntranceViewController.swift; sourceTree = "<group>"; };
		5AF25CE71DC9B2E400CA07F8 /* MyPageEntranceViewController.swift */ = {isa = PBXFileReference; fileEncoding = 4; lastKnownFileType = sourcecode.swift; path = MyPageEntranceViewController.swift; sourceTree = "<group>"; };
		5AF25CE91DC9B2ED00CA07F8 /* MyPageEditViewController.swift */ = {isa = PBXFileReference; fileEncoding = 4; lastKnownFileType = sourcecode.swift; path = MyPageEditViewController.swift; sourceTree = "<group>"; };
		5AF25CEB1DC9B3D500CA07F8 /* RegistrationEntrance.storyboard */ = {isa = PBXFileReference; fileEncoding = 4; lastKnownFileType = file.storyboard; path = RegistrationEntrance.storyboard; sourceTree = "<group>"; };
		5AF25CED1DC9B3E000CA07F8 /* RegistrationUser.storyboard */ = {isa = PBXFileReference; fileEncoding = 4; lastKnownFileType = file.storyboard; path = RegistrationUser.storyboard; sourceTree = "<group>"; };
		5AF25CEF1DC9B3E800CA07F8 /* RegistrationTimeTable.storyboard */ = {isa = PBXFileReference; fileEncoding = 4; lastKnownFileType = file.storyboard; path = RegistrationTimeTable.storyboard; sourceTree = "<group>"; };
		5AF25CF11DC9B3F200CA07F8 /* ChatEntrance.storyboard */ = {isa = PBXFileReference; fileEncoding = 4; lastKnownFileType = file.storyboard; path = ChatEntrance.storyboard; sourceTree = "<group>"; };
		5AF25CF31DC9B3F900CA07F8 /* ChatRoom.storyboard */ = {isa = PBXFileReference; fileEncoding = 4; lastKnownFileType = file.storyboard; path = ChatRoom.storyboard; sourceTree = "<group>"; };
		5AF25CF71DC9B41900CA07F8 /* MatchingEntrance.storyboard */ = {isa = PBXFileReference; fileEncoding = 4; lastKnownFileType = file.storyboard; path = MatchingEntrance.storyboard; sourceTree = "<group>"; };
		5AF25CF91DC9B42100CA07F8 /* MyPageEntrance.storyboard */ = {isa = PBXFileReference; fileEncoding = 4; lastKnownFileType = file.storyboard; path = MyPageEntrance.storyboard; sourceTree = "<group>"; };
		5AF25CFB1DC9B42A00CA07F8 /* MyPageEdit.storyboard */ = {isa = PBXFileReference; fileEncoding = 4; lastKnownFileType = file.storyboard; path = MyPageEdit.storyboard; sourceTree = "<group>"; };
		5AF25CFD1DC9B78600CA07F8 /* Storyboardable.swift */ = {isa = PBXFileReference; fileEncoding = 4; lastKnownFileType = sourcecode.swift; path = Storyboardable.swift; sourceTree = "<group>"; };
		5AF25CFF1DC9B7E800CA07F8 /* NSObject+.swift */ = {isa = PBXFileReference; fileEncoding = 4; lastKnownFileType = sourcecode.swift; path = "NSObject+.swift"; sourceTree = "<group>"; };
		5AF25D0D1DC9BC3B00CA07F8 /* Main.storyboard */ = {isa = PBXFileReference; fileEncoding = 4; lastKnownFileType = file.storyboard; path = Main.storyboard; sourceTree = "<group>"; };
		5AF25D111DC9D0C800CA07F8 /* MatchingRecommendation.storyboard */ = {isa = PBXFileReference; fileEncoding = 4; lastKnownFileType = file.storyboard; path = MatchingRecommendation.storyboard; sourceTree = "<group>"; };
		5AF25D131DC9D0D200CA07F8 /* MatchingResult.storyboard */ = {isa = PBXFileReference; fileEncoding = 4; lastKnownFileType = file.storyboard; path = MatchingResult.storyboard; sourceTree = "<group>"; };
		5AF25D151DC9D15700CA07F8 /* MatchingRecommendationViewController.swift */ = {isa = PBXFileReference; fileEncoding = 4; lastKnownFileType = sourcecode.swift; path = MatchingRecommendationViewController.swift; sourceTree = "<group>"; };
		5AF25D171DC9D16500CA07F8 /* MatchingResultViewController.swift */ = {isa = PBXFileReference; fileEncoding = 4; lastKnownFileType = sourcecode.swift; path = MatchingResultViewController.swift; sourceTree = "<group>"; };
		5AF25D1D1DC9EDE400CA07F8 /* GoogleService-Info.plist */ = {isa = PBXFileReference; fileEncoding = 4; lastKnownFileType = text.plist.xml; path = "GoogleService-Info.plist"; sourceTree = "<group>"; };
		E4C0CC7AACB26DAC363F569F /* Pods-OASIS.debug.xcconfig */ = {isa = PBXFileReference; includeInIndex = 1; lastKnownFileType = text.xcconfig; name = "Pods-OASIS.debug.xcconfig"; path = "Pods/Target Support Files/Pods-OASIS/Pods-OASIS.debug.xcconfig"; sourceTree = "<group>"; };
/* End PBXFileReference section */

/* Begin PBXFrameworksBuildPhase section */
		5A4972841DC66918006479DA /* Frameworks */ = {
			isa = PBXFrameworksBuildPhase;
			buildActionMask = 2147483647;
			files = (
				4E5ED553B5AE88D92E36E11B /* Pods_OASIS.framework in Frameworks */,
			);
			runOnlyForDeploymentPostprocessing = 0;
		};
/* End PBXFrameworksBuildPhase section */

/* Begin PBXGroup section */
		32BE5D744859E3BCDF1BA104 /* Frameworks */ = {
			isa = PBXGroup;
			children = (
				2784C17D06A229DCAC6A2A52 /* Pods_OASIS.framework */,
			);
			name = Frameworks;
			sourceTree = "<group>";
		};
		5A49727E1DC66918006479DA = {
			isa = PBXGroup;
			children = (
				5A4972891DC66918006479DA /* OASIS */,
				5A4972881DC66918006479DA /* Products */,
				DD7BCD65714E01ECC8A4062E /* Pods */,
				32BE5D744859E3BCDF1BA104 /* Frameworks */,
			);
			sourceTree = "<group>";
		};
		5A4972881DC66918006479DA /* Products */ = {
			isa = PBXGroup;
			children = (
				5A4972871DC66918006479DA /* OASIS.app */,
			);
			name = Products;
			sourceTree = "<group>";
		};
		5A4972891DC66918006479DA /* OASIS */ = {
			isa = PBXGroup;
			children = (
				5A49729D1DC66ED4006479DA /* Common */,
				5A49729E1DC66ED8006479DA /* Infra */,
				5A49729F1DC66EDD006479DA /* Domain */,
				5A4972A01DC66EE1006479DA /* Presentation */,
				5A4972A11DC66EE6006479DA /* Storyboards */,
				5A4972A21DC66EEC006479DA /* Resources */,
				5A4972A31DC66EF1006479DA /* Others */,
			);
			path = OASIS;
			sourceTree = "<group>";
		};
		5A49729D1DC66ED4006479DA /* Common */ = {
			isa = PBXGroup;
			children = (
				5A49728A1DC66918006479DA /* AppDelegate.swift */,
				5A4972AB1DC66FBF006479DA /* AppConfig.swift */,
				5A4972AD1DC66FCD006479DA /* AppColor.swift */,
				5A4972AF1DC66FE8006479DA /* AppError.swift */,
				5A4972A81DC66F7B006479DA /* Extensions */,
				5A4972A91DC66F82006479DA /* Utilities */,
				5A4972AA1DC66F89006479DA /* Helpers */,
			);
			name = Common;
			sourceTree = "<group>";
		};
		5A49729E1DC66ED8006479DA /* Infra */ = {
			isa = PBXGroup;
			children = (
				5A4972A71DC66F75006479DA /* Firebase */,
			);
			name = Infra;
			sourceTree = "<group>";
		};
		5A49729F1DC66EDD006479DA /* Domain */ = {
			isa = PBXGroup;
			children = (
				5A4972A41DC66F49006479DA /* Entities */,
				5A4972A51DC66F50006479DA /* ValueObjects */,
				5A4972A61DC66F5A006479DA /* UseCases */,
			);
			name = Domain;
			sourceTree = "<group>";
		};
		5A4972A01DC66EE1006479DA /* Presentation */ = {
			isa = PBXGroup;
			children = (
				5AF25CC51DC9AE0000CA07F8 /* Registration */,
				5AF25D0B1DC9BC1700CA07F8 /* Main */,
			);
			name = Presentation;
			sourceTree = "<group>";
		};
		5A4972A11DC66EE6006479DA /* Storyboards */ = {
			isa = PBXGroup;
			children = (
				5A4972931DC66918006479DA /* LaunchScreen.storyboard */,
				5AF25CCB1DC9AED200CA07F8 /* Registration */,
				5AF25D0C1DC9BC2200CA07F8 /* Main */,
			);
			name = Storyboards;
			sourceTree = "<group>";
		};
		5A4972A21DC66EEC006479DA /* Resources */ = {
			isa = PBXGroup;
			children = (
				5A4972911DC66918006479DA /* Assets.xcassets */,
				5A4972B31DC670CC006479DA /* Localizable.strings */,
			);
			name = Resources;
			sourceTree = "<group>";
		};
		5A4972A31DC66EF1006479DA /* Others */ = {
			isa = PBXGroup;
			children = (
				5A4972961DC66918006479DA /* Info.plist */,
				5AF25D1D1DC9EDE400CA07F8 /* GoogleService-Info.plist */,
			);
			name = Others;
			sourceTree = "<group>";
		};
		5A4972A41DC66F49006479DA /* Entities */ = {
			isa = PBXGroup;
			children = (
			);
			name = Entities;
			sourceTree = "<group>";
		};
		5A4972A51DC66F50006479DA /* ValueObjects */ = {
			isa = PBXGroup;
			children = (
			);
			name = ValueObjects;
			sourceTree = "<group>";
		};
		5A4972A61DC66F5A006479DA /* UseCases */ = {
			isa = PBXGroup;
			children = (
			);
			name = UseCases;
			sourceTree = "<group>";
		};
		5A4972A71DC66F75006479DA /* Firebase */ = {
			isa = PBXGroup;
			children = (
			);
			name = Firebase;
			sourceTree = "<group>";
		};
		5A4972A81DC66F7B006479DA /* Extensions */ = {
			isa = PBXGroup;
			children = (
				5AF25CFF1DC9B7E800CA07F8 /* NSObject+.swift */,
			);
			name = Extensions;
			sourceTree = "<group>";
		};
		5A4972A91DC66F82006479DA /* Utilities */ = {
			isa = PBXGroup;
			children = (
			);
			name = Utilities;
			sourceTree = "<group>";
		};
		5A4972AA1DC66F89006479DA /* Helpers */ = {
			isa = PBXGroup;
			children = (
				5AF25CFD1DC9B78600CA07F8 /* Storyboardable.swift */,
			);
			name = Helpers;
			sourceTree = "<group>";
		};
		5AF25CC51DC9AE0000CA07F8 /* Registration */ = {
			isa = PBXGroup;
			children = (
				5AF25CD21DC9AFA300CA07F8 /* Entrance */,
				5AF25CD31DC9AFAE00CA07F8 /* User */,
				5AF25CD41DC9AFCC00CA07F8 /* TimeTable */,
			);
			name = Registration;
			sourceTree = "<group>";
		};
		5AF25CC71DC9AE2100CA07F8 /* MyPage */ = {
			isa = PBXGroup;
			children = (
				5AF25CE61DC9B27A00CA07F8 /* Entrance */,
				5AF25CE51DC9B21900CA07F8 /* Edit */,
			);
			name = MyPage;
			sourceTree = "<group>";
		};
		5AF25CC81DC9AE6100CA07F8 /* Chat */ = {
			isa = PBXGroup;
			children = (
				5AF25CD91DC9B0B700CA07F8 /* Entrance */,
				5AF25CDA1DC9B0C300CA07F8 /* Room */,
			);
			name = Chat;
			sourceTree = "<group>";
		};
		5AF25CC91DC9AEAB00CA07F8 /* Matching */ = {
			isa = PBXGroup;
			children = (
				5AF25CDF1DC9B12C00CA07F8 /* Entrance */,
				5AF25D0F1DC9D05900CA07F8 /* Recommendation */,
				5AF25D101DC9D07200CA07F8 /* Result */,
			);
			name = Matching;
			sourceTree = "<group>";
		};
		5AF25CCB1DC9AED200CA07F8 /* Registration */ = {
			isa = PBXGroup;
			children = (
				5AF25CEB1DC9B3D500CA07F8 /* RegistrationEntrance.storyboard */,
				5AF25CED1DC9B3E000CA07F8 /* RegistrationUser.storyboard */,
				5AF25CEF1DC9B3E800CA07F8 /* RegistrationTimeTable.storyboard */,
			);
			name = Registration;
			sourceTree = "<group>";
		};
		5AF25CCC1DC9AED900CA07F8 /* Chat */ = {
			isa = PBXGroup;
			children = (
				5AF25CF11DC9B3F200CA07F8 /* ChatEntrance.storyboard */,
				5AF25CF31DC9B3F900CA07F8 /* ChatRoom.storyboard */,
			);
			name = Chat;
			sourceTree = "<group>";
		};
		5AF25CCE1DC9AEEB00CA07F8 /* Matching */ = {
			isa = PBXGroup;
			children = (
				5AF25CF71DC9B41900CA07F8 /* MatchingEntrance.storyboard */,
				5AF25D111DC9D0C800CA07F8 /* MatchingRecommendation.storyboard */,
				5AF25D131DC9D0D200CA07F8 /* MatchingResult.storyboard */,
			);
			name = Matching;
			sourceTree = "<group>";
		};
		5AF25CCF1DC9AEF100CA07F8 /* MyPage */ = {
			isa = PBXGroup;
			children = (
				5AF25CF91DC9B42100CA07F8 /* MyPageEntrance.storyboard */,
				5AF25CFB1DC9B42A00CA07F8 /* MyPageEdit.storyboard */,
			);
			name = MyPage;
			sourceTree = "<group>";
		};
		5AF25CD21DC9AFA300CA07F8 /* Entrance */ = {
			isa = PBXGroup;
			children = (
				5AF25CD01DC9AF6000CA07F8 /* RegistrationEntranceViewController.swift */,
			);
			name = Entrance;
			sourceTree = "<group>";
		};
		5AF25CD31DC9AFAE00CA07F8 /* User */ = {
			isa = PBXGroup;
			children = (
				5AF25CD51DC9B09300CA07F8 /* RegistrationUserViewController.swift */,
			);
			name = User;
			sourceTree = "<group>";
		};
		5AF25CD41DC9AFCC00CA07F8 /* TimeTable */ = {
			isa = PBXGroup;
			children = (
				5AF25CD71DC9B0A400CA07F8 /* RegistrationTimeTableViewController.swift */,
			);
			name = TimeTable;
			sourceTree = "<group>";
		};
		5AF25CD91DC9B0B700CA07F8 /* Entrance */ = {
			isa = PBXGroup;
			children = (
				5AF25CDB1DC9B0D000CA07F8 /* ChatEntranceViewController.swift */,
			);
			name = Entrance;
			sourceTree = "<group>";
		};
		5AF25CDA1DC9B0C300CA07F8 /* Room */ = {
			isa = PBXGroup;
			children = (
				5AF25CDD1DC9B0D800CA07F8 /* ChatRoomViewController.swift */,
			);
			name = Room;
			sourceTree = "<group>";
		};
		5AF25CDF1DC9B12C00CA07F8 /* Entrance */ = {
			isa = PBXGroup;
			children = (
				5AF25CE11DC9B17000CA07F8 /* MatchingEntranceViewController.swift */,
			);
			name = Entrance;
			sourceTree = "<group>";
		};
		5AF25CE51DC9B21900CA07F8 /* Edit */ = {
			isa = PBXGroup;
			children = (
				5AF25CE91DC9B2ED00CA07F8 /* MyPageEditViewController.swift */,
			);
			name = Edit;
			sourceTree = "<group>";
		};
		5AF25CE61DC9B27A00CA07F8 /* Entrance */ = {
			isa = PBXGroup;
			children = (
				5AF25CE71DC9B2E400CA07F8 /* MyPageEntranceViewController.swift */,
			);
			name = Entrance;
			sourceTree = "<group>";
		};
		5AF25D0B1DC9BC1700CA07F8 /* Main */ = {
			isa = PBXGroup;
			children = (
				5AF25CC81DC9AE6100CA07F8 /* Chat */,
				5AF25CC91DC9AEAB00CA07F8 /* Matching */,
				5AF25CC71DC9AE2100CA07F8 /* MyPage */,
			);
			name = Main;
			sourceTree = "<group>";
		};
		5AF25D0C1DC9BC2200CA07F8 /* Main */ = {
			isa = PBXGroup;
			children = (
				5AF25D0D1DC9BC3B00CA07F8 /* Main.storyboard */,
				5AF25CCC1DC9AED900CA07F8 /* Chat */,
				5AF25CCE1DC9AEEB00CA07F8 /* Matching */,
				5AF25CCF1DC9AEF100CA07F8 /* MyPage */,
			);
			name = Main;
			sourceTree = "<group>";
		};
		5AF25D0F1DC9D05900CA07F8 /* Recommendation */ = {
			isa = PBXGroup;
			children = (
				5AF25D151DC9D15700CA07F8 /* MatchingRecommendationViewController.swift */,
			);
			name = Recommendation;
			sourceTree = "<group>";
		};
		5AF25D101DC9D07200CA07F8 /* Result */ = {
			isa = PBXGroup;
			children = (
				5AF25D171DC9D16500CA07F8 /* MatchingResultViewController.swift */,
			);
			name = Result;
			sourceTree = "<group>";
		};
		DD7BCD65714E01ECC8A4062E /* Pods */ = {
			isa = PBXGroup;
			children = (
				E4C0CC7AACB26DAC363F569F /* Pods-OASIS.debug.xcconfig */,
				13FBAB8F7FBB424EB346BF5B /* Pods-OASIS.release.xcconfig */,
			);
			name = Pods;
			sourceTree = "<group>";
		};
/* End PBXGroup section */

/* Begin PBXNativeTarget section */
		5A4972861DC66918006479DA /* OASIS */ = {
			isa = PBXNativeTarget;
			buildConfigurationList = 5A4972991DC66918006479DA /* Build configuration list for PBXNativeTarget "OASIS" */;
			buildPhases = (
				B91264BACD2ACAADC5CEA076 /* [CP] Check Pods Manifest.lock */,
				5A4972831DC66918006479DA /* Sources */,
				5A4972841DC66918006479DA /* Frameworks */,
				5A4972851DC66918006479DA /* Resources */,
				5A49729C1DC66C3B006479DA /* Run SwiftLint */,
				C775962BC8EBD723D911797B /* [CP] Embed Pods Frameworks */,
				5F056C044AFB83668D043D94 /* [CP] Copy Pods Resources */,
			);
			buildRules = (
			);
			dependencies = (
			);
			name = OASIS;
			productName = OASIS;
			productReference = 5A4972871DC66918006479DA /* OASIS.app */;
			productType = "com.apple.product-type.application";
		};
/* End PBXNativeTarget section */

/* Begin PBXProject section */
		5A49727F1DC66918006479DA /* Project object */ = {
			isa = PBXProject;
			attributes = {
				LastSwiftUpdateCheck = 0800;
				LastUpgradeCheck = 0800;
				ORGANIZATIONNAME = othlotech;
				TargetAttributes = {
					5A4972861DC66918006479DA = {
						CreatedOnToolsVersion = 8.0;
						DevelopmentTeam = UAU496JZAK;
						ProvisioningStyle = Automatic;
					};
				};
			};
			buildConfigurationList = 5A4972821DC66918006479DA /* Build configuration list for PBXProject "OASIS" */;
			compatibilityVersion = "Xcode 3.2";
			developmentRegion = English;
			hasScannedForEncodings = 0;
			knownRegions = (
				Base,
			);
			mainGroup = 5A49727E1DC66918006479DA;
			productRefGroup = 5A4972881DC66918006479DA /* Products */;
			projectDirPath = "";
			projectRoot = "";
			targets = (
				5A4972861DC66918006479DA /* OASIS */,
			);
		};
/* End PBXProject section */

/* Begin PBXResourcesBuildPhase section */
		5A4972851DC66918006479DA /* Resources */ = {
			isa = PBXResourcesBuildPhase;
			buildActionMask = 2147483647;
			files = (
				5AF25CF01DC9B3E800CA07F8 /* RegistrationTimeTable.storyboard in Resources */,
				5A4972951DC66918006479DA /* LaunchScreen.storyboard in Resources */,
				5AF25D1E1DC9EDE400CA07F8 /* GoogleService-Info.plist in Resources */,
				5AF25CEE1DC9B3E000CA07F8 /* RegistrationUser.storyboard in Resources */,
				5AF25CF21DC9B3F200CA07F8 /* ChatEntrance.storyboard in Resources */,
				5AF25CF81DC9B41900CA07F8 /* MatchingEntrance.storyboard in Resources */,
				5AF25D121DC9D0C800CA07F8 /* MatchingRecommendation.storyboard in Resources */,
				5AF25D141DC9D0D200CA07F8 /* MatchingResult.storyboard in Resources */,
				5AF25CEC1DC9B3D500CA07F8 /* RegistrationEntrance.storyboard in Resources */,
				5AF25D0E1DC9BC3B00CA07F8 /* Main.storyboard in Resources */,
				5A4972B41DC670CC006479DA /* Localizable.strings in Resources */,
				5AF25CFC1DC9B42A00CA07F8 /* MyPageEdit.storyboard in Resources */,
				5A4972921DC66918006479DA /* Assets.xcassets in Resources */,
				5AF25CFA1DC9B42100CA07F8 /* MyPageEntrance.storyboard in Resources */,
				5AF25CF41DC9B3F900CA07F8 /* ChatRoom.storyboard in Resources */,
			);
			runOnlyForDeploymentPostprocessing = 0;
		};
/* End PBXResourcesBuildPhase section */

/* Begin PBXShellScriptBuildPhase section */
		5A49729C1DC66C3B006479DA /* Run SwiftLint */ = {
			isa = PBXShellScriptBuildPhase;
			buildActionMask = 2147483647;
			files = (
			);
			inputPaths = (
			);
			name = "Run SwiftLint";
			outputPaths = (
			);
			runOnlyForDeploymentPostprocessing = 0;
			shellPath = /bin/sh;
			shellScript = "if which swiftlint >/dev/null; then\n    swiftlint\nelse\n    echo \"SwiftLint does not exist\"\nfi";
		};
		5F056C044AFB83668D043D94 /* [CP] Copy Pods Resources */ = {
			isa = PBXShellScriptBuildPhase;
			buildActionMask = 2147483647;
			files = (
			);
			inputPaths = (
			);
			name = "[CP] Copy Pods Resources";
			outputPaths = (
			);
			runOnlyForDeploymentPostprocessing = 0;
			shellPath = /bin/sh;
			shellScript = "\"${SRCROOT}/Pods/Target Support Files/Pods-OASIS/Pods-OASIS-resources.sh\"\n";
			showEnvVarsInLog = 0;
		};
		B91264BACD2ACAADC5CEA076 /* [CP] Check Pods Manifest.lock */ = {
			isa = PBXShellScriptBuildPhase;
			buildActionMask = 2147483647;
			files = (
			);
			inputPaths = (
			);
			name = "[CP] Check Pods Manifest.lock";
			outputPaths = (
			);
			runOnlyForDeploymentPostprocessing = 0;
			shellPath = /bin/sh;
			shellScript = "diff \"${PODS_ROOT}/../Podfile.lock\" \"${PODS_ROOT}/Manifest.lock\" > /dev/null\nif [ $? != 0 ] ; then\n    # print error to STDERR\n    echo \"error: The sandbox is not in sync with the Podfile.lock. Run 'pod install' or update your CocoaPods installation.\" >&2\n    exit 1\nfi\n";
			showEnvVarsInLog = 0;
		};
		C775962BC8EBD723D911797B /* [CP] Embed Pods Frameworks */ = {
			isa = PBXShellScriptBuildPhase;
			buildActionMask = 2147483647;
			files = (
			);
			inputPaths = (
			);
			name = "[CP] Embed Pods Frameworks";
			outputPaths = (
			);
			runOnlyForDeploymentPostprocessing = 0;
			shellPath = /bin/sh;
			shellScript = "\"${SRCROOT}/Pods/Target Support Files/Pods-OASIS/Pods-OASIS-frameworks.sh\"\n";
			showEnvVarsInLog = 0;
		};
/* End PBXShellScriptBuildPhase section */

/* Begin PBXSourcesBuildPhase section */
		5A4972831DC66918006479DA /* Sources */ = {
			isa = PBXSourcesBuildPhase;
			buildActionMask = 2147483647;
			files = (
				5AF25D161DC9D15700CA07F8 /* MatchingRecommendationViewController.swift in Sources */,
				5A4972AC1DC66FBF006479DA /* AppConfig.swift in Sources */,
				5AF25CDC1DC9B0D000CA07F8 /* ChatEntranceViewController.swift in Sources */,
				5AF25CFE1DC9B78600CA07F8 /* Storyboardable.swift in Sources */,
				5AF25CD11DC9AF6000CA07F8 /* RegistrationEntranceViewController.swift in Sources */,
				5AF25CE81DC9B2E400CA07F8 /* MyPageEntranceViewController.swift in Sources */,
				5AF25CD61DC9B09300CA07F8 /* RegistrationUserViewController.swift in Sources */,
				5A4972AE1DC66FCD006479DA /* AppColor.swift in Sources */,
				5A4972B01DC66FE8006479DA /* AppError.swift in Sources */,
				5AF25CEA1DC9B2ED00CA07F8 /* MyPageEditViewController.swift in Sources */,
				5AF25D001DC9B7E800CA07F8 /* NSObject+.swift in Sources */,
				5AF25CD81DC9B0A400CA07F8 /* RegistrationTimeTableViewController.swift in Sources */,
				5AF25CDE1DC9B0D800CA07F8 /* ChatRoomViewController.swift in Sources */,
				5AF25CE21DC9B17000CA07F8 /* MatchingEntranceViewController.swift in Sources */,
				5AF25D181DC9D16500CA07F8 /* MatchingResultViewController.swift in Sources */,
				5A49728B1DC66918006479DA /* AppDelegate.swift in Sources */,
			);
			runOnlyForDeploymentPostprocessing = 0;
		};
/* End PBXSourcesBuildPhase section */

/* Begin PBXVariantGroup section */
		5A4972931DC66918006479DA /* LaunchScreen.storyboard */ = {
			isa = PBXVariantGroup;
			children = (
				5A4972941DC66918006479DA /* Base */,
			);
			name = LaunchScreen.storyboard;
			sourceTree = "<group>";
		};
/* End PBXVariantGroup section */

/* Begin XCBuildConfiguration section */
		5A4972971DC66918006479DA /* Debug */ = {
			isa = XCBuildConfiguration;
			buildSettings = {
				ALWAYS_SEARCH_USER_PATHS = NO;
				CLANG_ANALYZER_NONNULL = YES;
				CLANG_CXX_LANGUAGE_STANDARD = "gnu++0x";
				CLANG_CXX_LIBRARY = "libc++";
				CLANG_ENABLE_MODULES = YES;
				CLANG_ENABLE_OBJC_ARC = YES;
				CLANG_WARN_BOOL_CONVERSION = YES;
				CLANG_WARN_CONSTANT_CONVERSION = YES;
				CLANG_WARN_DIRECT_OBJC_ISA_USAGE = YES_ERROR;
				CLANG_WARN_DOCUMENTATION_COMMENTS = YES;
				CLANG_WARN_EMPTY_BODY = YES;
				CLANG_WARN_ENUM_CONVERSION = YES;
				CLANG_WARN_INFINITE_RECURSION = YES;
				CLANG_WARN_INT_CONVERSION = YES;
				CLANG_WARN_OBJC_ROOT_CLASS = YES_ERROR;
				CLANG_WARN_SUSPICIOUS_MOVES = YES;
				CLANG_WARN_UNREACHABLE_CODE = YES;
				CLANG_WARN__DUPLICATE_METHOD_MATCH = YES;
				"CODE_SIGN_IDENTITY[sdk=iphoneos*]" = "iPhone Developer";
				COPY_PHASE_STRIP = NO;
				DEBUG_INFORMATION_FORMAT = dwarf;
				ENABLE_STRICT_OBJC_MSGSEND = YES;
				ENABLE_TESTABILITY = YES;
				GCC_C_LANGUAGE_STANDARD = gnu99;
				GCC_DYNAMIC_NO_PIC = NO;
				GCC_NO_COMMON_BLOCKS = YES;
				GCC_OPTIMIZATION_LEVEL = 0;
				GCC_PREPROCESSOR_DEFINITIONS = (
					"DEBUG=1",
					"$(inherited)",
				);
				GCC_WARN_64_TO_32_BIT_CONVERSION = YES;
				GCC_WARN_ABOUT_RETURN_TYPE = YES_ERROR;
				GCC_WARN_UNDECLARED_SELECTOR = YES;
				GCC_WARN_UNINITIALIZED_AUTOS = YES_AGGRESSIVE;
				GCC_WARN_UNUSED_FUNCTION = YES;
				GCC_WARN_UNUSED_VARIABLE = YES;
				IPHONEOS_DEPLOYMENT_TARGET = 9.0;
				MTL_ENABLE_DEBUG_INFO = YES;
				ONLY_ACTIVE_ARCH = YES;
				SDKROOT = iphoneos;
				SWIFT_ACTIVE_COMPILATION_CONDITIONS = DEBUG;
				SWIFT_OPTIMIZATION_LEVEL = "-Onone";
			};
			name = Debug;
		};
		5A4972981DC66918006479DA /* Release */ = {
			isa = XCBuildConfiguration;
			buildSettings = {
				ALWAYS_SEARCH_USER_PATHS = NO;
				CLANG_ANALYZER_NONNULL = YES;
				CLANG_CXX_LANGUAGE_STANDARD = "gnu++0x";
				CLANG_CXX_LIBRARY = "libc++";
				CLANG_ENABLE_MODULES = YES;
				CLANG_ENABLE_OBJC_ARC = YES;
				CLANG_WARN_BOOL_CONVERSION = YES;
				CLANG_WARN_CONSTANT_CONVERSION = YES;
				CLANG_WARN_DIRECT_OBJC_ISA_USAGE = YES_ERROR;
				CLANG_WARN_DOCUMENTATION_COMMENTS = YES;
				CLANG_WARN_EMPTY_BODY = YES;
				CLANG_WARN_ENUM_CONVERSION = YES;
				CLANG_WARN_INFINITE_RECURSION = YES;
				CLANG_WARN_INT_CONVERSION = YES;
				CLANG_WARN_OBJC_ROOT_CLASS = YES_ERROR;
				CLANG_WARN_SUSPICIOUS_MOVES = YES;
				CLANG_WARN_UNREACHABLE_CODE = YES;
				CLANG_WARN__DUPLICATE_METHOD_MATCH = YES;
				"CODE_SIGN_IDENTITY[sdk=iphoneos*]" = "iPhone Developer";
				COPY_PHASE_STRIP = NO;
				DEBUG_INFORMATION_FORMAT = "dwarf-with-dsym";
				ENABLE_NS_ASSERTIONS = NO;
				ENABLE_STRICT_OBJC_MSGSEND = YES;
				GCC_C_LANGUAGE_STANDARD = gnu99;
				GCC_NO_COMMON_BLOCKS = YES;
				GCC_WARN_64_TO_32_BIT_CONVERSION = YES;
				GCC_WARN_ABOUT_RETURN_TYPE = YES_ERROR;
				GCC_WARN_UNDECLARED_SELECTOR = YES;
				GCC_WARN_UNINITIALIZED_AUTOS = YES_AGGRESSIVE;
				GCC_WARN_UNUSED_FUNCTION = YES;
				GCC_WARN_UNUSED_VARIABLE = YES;
				IPHONEOS_DEPLOYMENT_TARGET = 9.0;
				MTL_ENABLE_DEBUG_INFO = NO;
				SDKROOT = iphoneos;
				SWIFT_OPTIMIZATION_LEVEL = "-Owholemodule";
				VALIDATE_PRODUCT = YES;
			};
			name = Release;
		};
		5A49729A1DC66918006479DA /* Debug */ = {
			isa = XCBuildConfiguration;
			baseConfigurationReference = E4C0CC7AACB26DAC363F569F /* Pods-OASIS.debug.xcconfig */;
			buildSettings = {
				ASSETCATALOG_COMPILER_APPICON_NAME = AppIcon;
				DEVELOPMENT_TEAM = UAU496JZAK;
				INFOPLIST_FILE = OASIS/Info.plist;
				IPHONEOS_DEPLOYMENT_TARGET = 9.0;
				LD_RUNPATH_SEARCH_PATHS = "$(inherited) @executable_path/Frameworks";
				PRODUCT_BUNDLE_IDENTIFIER = com.othlotech.OASIS;
				PRODUCT_NAME = "$(TARGET_NAME)";
				SWIFT_VERSION = 3.0;
			};
			name = Debug;
		};
		5A49729B1DC66918006479DA /* Release */ = {
			isa = XCBuildConfiguration;
			baseConfigurationReference = 13FBAB8F7FBB424EB346BF5B /* Pods-OASIS.release.xcconfig */;
			buildSettings = {
				ASSETCATALOG_COMPILER_APPICON_NAME = AppIcon;
				DEVELOPMENT_TEAM = UAU496JZAK;
				INFOPLIST_FILE = OASIS/Info.plist;
				IPHONEOS_DEPLOYMENT_TARGET = 9.0;
				LD_RUNPATH_SEARCH_PATHS = "$(inherited) @executable_path/Frameworks";
				PRODUCT_BUNDLE_IDENTIFIER = com.othlotech.OASIS;
				PRODUCT_NAME = "$(TARGET_NAME)";
				SWIFT_VERSION = 3.0;
			};
			name = Release;
		};
/* End XCBuildConfiguration section */

/* Begin XCConfigurationList section */
		5A4972821DC66918006479DA /* Build configuration list for PBXProject "OASIS" */ = {
			isa = XCConfigurationList;
			buildConfigurations = (
				5A4972971DC66918006479DA /* Debug */,
				5A4972981DC66918006479DA /* Release */,
			);
			defaultConfigurationIsVisible = 0;
			defaultConfigurationName = Release;
		};
		5A4972991DC66918006479DA /* Build configuration list for PBXNativeTarget "OASIS" */ = {
			isa = XCConfigurationList;
			buildConfigurations = (
				5A49729A1DC66918006479DA /* Debug */,
				5A49729B1DC66918006479DA /* Release */,
			);
			defaultConfigurationIsVisible = 0;
			defaultConfigurationName = Release;
		};
/* End XCConfigurationList section */
	};
	rootObject = 5A49727F1DC66918006479DA /* Project object */;
}
